
Microsoft Visual Studio Solution File, Format Version 12.00
# Visual Studio Version 17
VisualStudioVersion = 17.1.32328.378
MinimumVisualStudioVersion = 10.0.40219.1
Project("{FAE04EC0-301F-11D3-BF4B-00C04F79EFBC}") = "PL", "PL\PL.csproj", "{B116A03F-53A2-4FA7-B9F1-F0F0CB2BA3E8}"
EndProject
Project("{FAE04EC0-301F-11D3-BF4B-00C04F79EFBC}") = "ML", "ML\ML.csproj", "{00607403-BB34-4E70-9D66-3D6B354DF331}"
EndProject
Project("{FAE04EC0-301F-11D3-BF4B-00C04F79EFBC}") = "DL", "DL\DL.csproj", "{F083D604-1487-48C4-A55A-A054751337AB}"
EndProject
Project("{FAE04EC0-301F-11D3-BF4B-00C04F79EFBC}") = "BL", "BL\BL.csproj", "{7A75F713-0B0A-4473-9847-9E4F991D3F1D}"
EndProject
Global
	GlobalSection(SolutionConfigurationPlatforms) = preSolution
		Debug|Any CPU = Debug|Any CPU
		Release|Any CPU = Release|Any CPU
	EndGlobalSection
	GlobalSection(ProjectConfigurationPlatforms) = postSolution
		{B116A03F-53A2-4FA7-B9F1-F0F0CB2BA3E8}.Debug|Any CPU.ActiveCfg = Debug|Any CPU
		{B116A03F-53A2-4FA7-B9F1-F0F0CB2BA3E8}.Debug|Any CPU.Build.0 = Debug|Any CPU
		{B116A03F-53A2-4FA7-B9F1-F0F0CB2BA3E8}.Release|Any CPU.ActiveCfg = Release|Any CPU
		{B116A03F-53A2-4FA7-B9F1-F0F0CB2BA3E8}.Release|Any CPU.Build.0 = Release|Any CPU
		{00607403-BB34-4E70-9D66-3D6B354DF331}.Debug|Any CPU.ActiveCfg = Debug|Any CPU
		{00607403-BB34-4E70-9D66-3D6B354DF331}.Debug|Any CPU.Build.0 = Debug|Any CPU
		{00607403-BB34-4E70-9D66-3D6B354DF331}.Release|Any CPU.ActiveCfg = Release|Any CPU
		{00607403-BB34-4E70-9D66-3D6B354DF331}.Release|Any CPU.Build.0 = Release|Any CPU
		{F083D604-1487-48C4-A55A-A054751337AB}.Debug|Any CPU.ActiveCfg = Debug|Any CPU
		{F083D604-1487-48C4-A55A-A054751337AB}.Debug|Any CPU.Build.0 = Debug|Any CPU
		{F083D604-1487-48C4-A55A-A054751337AB}.Release|Any CPU.ActiveCfg = Release|Any CPU
		{F083D604-1487-48C4-A55A-A054751337AB}.Release|Any CPU.Build.0 = Release|Any CPU
		{7A75F713-0B0A-4473-9847-9E4F991D3F1D}.Debug|Any CPU.ActiveCfg = Debug|Any CPU
		{7A75F713-0B0A-4473-9847-9E4F991D3F1D}.Debug|Any CPU.Build.0 = Debug|Any CPU
		{7A75F713-0B0A-4473-9847-9E4F991D3F1D}.Release|Any CPU.ActiveCfg = Release|Any CPU
		{7A75F713-0B0A-4473-9847-9E4F991D3F1D}.Release|Any CPU.Build.0 = Release|Any CPU
	EndGlobalSection
	GlobalSection(SolutionProperties) = preSolution
		HideSolutionNode = FALSE
	EndGlobalSection
	GlobalSection(ExtensibilityGlobals) = postSolution
		SolutionGuid = {3FD33ACE-FA00-41A1-8309-C1114269D8A1}
	EndGlobalSection
EndGlobal
